
Microsoft Visual Studio Solution File, Format Version 12.00
# Visual Studio Version 16
VisualStudioVersion = 16.0.32901.82
MinimumVisualStudioVersion = 10.0.40219.1
Project("{FAE04EC0-301F-11D3-BF4B-00C04F79EFBC}") = "hat", "hat\hat.csproj", "{97AE70E9-743A-4707-9975-CEBA6D5A497A}"
EndProject
Global
	GlobalSection(SolutionConfigurationPlatforms) = preSolution
		Debug|Any CPU = Debug|Any CPU
		Release|Any CPU = Release|Any CPU
	EndGlobalSection
	GlobalSection(ProjectConfigurationPlatforms) = postSolution
		{97AE70E9-743A-4707-9975-CEBA6D5A497A}.Debug|Any CPU.ActiveCfg = Debug|Any CPU
		{97AE70E9-743A-4707-9975-CEBA6D5A497A}.Debug|Any CPU.Build.0 = Debug|Any CPU
		{97AE70E9-743A-4707-9975-CEBA6D5A497A}.Release|Any CPU.ActiveCfg = Release|Any CPU
		{97AE70E9-743A-4707-9975-CEBA6D5A497A}.Release|Any CPU.Build.0 = Release|Any CPU
	EndGlobalSection
	GlobalSection(SolutionProperties) = preSolution
		HideSolutionNode = FALSE
	EndGlobalSection
	GlobalSection(ExtensibilityGlobals) = postSolution
		SolutionGuid = {42DFF784-4A1C-435A-82A5-914045CD703A}
	EndGlobalSection
EndGlobal
